// !$*UTF8*$!
{
	archiveVersion = 1;
	classes = {
	};
	objectVersion = 46;
	objects = {

/* Begin PBXBuildFile section */
		205EEA62DF6E821C42E82BDA /* Pods_FamilyPocketTests.framework in Frameworks */ = {isa = PBXBuildFile; fileRef = B0B2B8DD6A76593EC86FD9EE /* Pods_FamilyPocketTests.framework */; };
		E778E06F0492577B97658544 /* Pods_FamilyPocket.framework in Frameworks */ = {isa = PBXBuildFile; fileRef = DA04944A7179E23DE58CB724 /* Pods_FamilyPocket.framework */; };
		FF05CB5D1EC87EE000192647 /* AddNewExpenseViewController.swift in Sources */ = {isa = PBXBuildFile; fileRef = FF05CB541EC87EE000192647 /* AddNewExpenseViewController.swift */; };
		FF05CB5E1EC87EE000192647 /* AddNewExpenseViewController.xib in Resources */ = {isa = PBXBuildFile; fileRef = FF05CB551EC87EE000192647 /* AddNewExpenseViewController.xib */; };
		FF05CB5F1EC87EE000192647 /* Animator.swift in Sources */ = {isa = PBXBuildFile; fileRef = FF05CB561EC87EE000192647 /* Animator.swift */; };
		FF05CB601EC87EE000192647 /* ExpenseSummaryViewController.swift in Sources */ = {isa = PBXBuildFile; fileRef = FF05CB571EC87EE000192647 /* ExpenseSummaryViewController.swift */; };
		FF05CB611EC87EE000192647 /* ExpenseSummaryViewController.xib in Resources */ = {isa = PBXBuildFile; fileRef = FF05CB581EC87EE000192647 /* ExpenseSummaryViewController.xib */; };
		FF05CB621EC87EE000192647 /* HostingViewController.swift in Sources */ = {isa = PBXBuildFile; fileRef = FF05CB591EC87EE000192647 /* HostingViewController.swift */; };
		FF05CB631EC87EE000192647 /* PrivateTransitionContext.swift in Sources */ = {isa = PBXBuildFile; fileRef = FF05CB5A1EC87EE000192647 /* PrivateTransitionContext.swift */; };
		FF05CB641EC87EE000192647 /* SettingsViewController.swift in Sources */ = {isa = PBXBuildFile; fileRef = FF05CB5B1EC87EE000192647 /* SettingsViewController.swift */; };
		FF05CB651EC87EE000192647 /* SettingsViewController.xib in Resources */ = {isa = PBXBuildFile; fileRef = FF05CB5C1EC87EE000192647 /* SettingsViewController.xib */; };
		FF834F401ECC7346000DE055 /* Expense.swift in Sources */ = {isa = PBXBuildFile; fileRef = FF834F3F1ECC7346000DE055 /* Expense.swift */; };
		FF834F421ECC75EE000DE055 /* Persistable.swift in Sources */ = {isa = PBXBuildFile; fileRef = FF834F411ECC75EE000DE055 /* Persistable.swift */; };
		FF834F441ECC76B2000DE055 /* ExpenseManager.swift in Sources */ = {isa = PBXBuildFile; fileRef = FF834F431ECC76B2000DE055 /* ExpenseManager.swift */; };
		FF834F461ECC8981000DE055 /* incomeCategories.json in Resources */ = {isa = PBXBuildFile; fileRef = FF834F451ECC8981000DE055 /* incomeCategories.json */; };
		FF834F481ECC90BE000DE055 /* TestTableViewController.swift in Sources */ = {isa = PBXBuildFile; fileRef = FF834F471ECC90BE000DE055 /* TestTableViewController.swift */; };
		FF834F4A1ECC90DA000DE055 /* ExpenseSummaryViewController+DataSourse.swift in Sources */ = {isa = PBXBuildFile; fileRef = FF834F491ECC90DA000DE055 /* ExpenseSummaryViewController+DataSourse.swift */; };
		FF834F4D1ECC91D4000DE055 /* SummaryTableViewCell.swift in Sources */ = {isa = PBXBuildFile; fileRef = FF834F4B1ECC91D4000DE055 /* SummaryTableViewCell.swift */; };
		FF834F4E1ECC91D4000DE055 /* SummaryTableViewCell.xib in Resources */ = {isa = PBXBuildFile; fileRef = FF834F4C1ECC91D4000DE055 /* SummaryTableViewCell.xib */; };
		FF834F571ECC97A1000DE055 /* DatePresenter.swift in Sources */ = {isa = PBXBuildFile; fileRef = FF834F561ECC97A1000DE055 /* DatePresenter.swift */; };
		FF834F591ECC9B27000DE055 /* ExpenseSummaryViewController+Delegate.swift in Sources */ = {isa = PBXBuildFile; fileRef = FF834F581ECC9B27000DE055 /* ExpenseSummaryViewController+Delegate.swift */; };
		FF834F5B1ECC9F69000DE055 /* Income.swift in Sources */ = {isa = PBXBuildFile; fileRef = FF834F5A1ECC9F69000DE055 /* Income.swift */; };
		FFA47C201EC88F9600465E11 /* categories.json in Resources */ = {isa = PBXBuildFile; fileRef = FFA47C1F1EC88F9600465E11 /* categories.json */; };
		FFA47C251EC88FEF00465E11 /* Category.swift in Sources */ = {isa = PBXBuildFile; fileRef = FFA47C241EC88FEF00465E11 /* Category.swift */; };
		FFA47C271EC8912000465E11 /* RealmDataImporter.swift in Sources */ = {isa = PBXBuildFile; fileRef = FFA47C261EC8912000465E11 /* RealmDataImporter.swift */; };
		FFA47C2A1EC8A01F00465E11 /* CategoryManager.swift in Sources */ = {isa = PBXBuildFile; fileRef = FFA47C291EC8A01F00465E11 /* CategoryManager.swift */; };
		FFA47C2E1EC8A69D00465E11 /* String+UIColor.swift in Sources */ = {isa = PBXBuildFile; fileRef = FFA47C2D1EC8A69D00465E11 /* String+UIColor.swift */; };
		FFA47C321EC8A6F000465E11 /* UIColor+LighterDarker.swift in Sources */ = {isa = PBXBuildFile; fileRef = FFA47C311EC8A6F000465E11 /* UIColor+LighterDarker.swift */; };
		FFA47C351EC8A78600465E11 /* CategoryCollectionViewDelegate.swift in Sources */ = {isa = PBXBuildFile; fileRef = FFA47C341EC8A78600465E11 /* CategoryCollectionViewDelegate.swift */; };
		FFA47C391EC8A94700465E11 /* CategoryCollectionViewDataSource.swift in Sources */ = {isa = PBXBuildFile; fileRef = FFA47C381EC8A94700465E11 /* CategoryCollectionViewDataSource.swift */; };
		FFA47C3C1EC8BB0E00465E11 /* KeyboardUtility.swift in Sources */ = {isa = PBXBuildFile; fileRef = FFA47C3B1EC8BB0E00465E11 /* KeyboardUtility.swift */; };
		FFA47C3E1EC8CB6100465E11 /* UIColor+FamilyPocket.swift in Sources */ = {isa = PBXBuildFile; fileRef = FFA47C3D1EC8CB6100465E11 /* UIColor+FamilyPocket.swift */; };
		FFA47C401EC8E30E00465E11 /* FlatUIColors.swift in Sources */ = {isa = PBXBuildFile; fileRef = FFA47C3F1EC8E30E00465E11 /* FlatUIColors.swift */; };
		FFA47C421EC8E54000465E11 /* ColorPaletteTableViewController.swift in Sources */ = {isa = PBXBuildFile; fileRef = FFA47C411EC8E54000465E11 /* ColorPaletteTableViewController.swift */; };
		FFA47C451EC8E59B00465E11 /* ColorTableViewCell.swift in Sources */ = {isa = PBXBuildFile; fileRef = FFA47C431EC8E59B00465E11 /* ColorTableViewCell.swift */; };
		FFA47C461EC8E59B00465E11 /* ColorTableViewCell.xib in Resources */ = {isa = PBXBuildFile; fileRef = FFA47C441EC8E59B00465E11 /* ColorTableViewCell.xib */; };
		FFA47C621EC8F47F00465E11 /* Interface.storyboard in Resources */ = {isa = PBXBuildFile; fileRef = FFA47C601EC8F47F00465E11 /* Interface.storyboard */; };
		FFA47C641EC8F47F00465E11 /* Assets.xcassets in Resources */ = {isa = PBXBuildFile; fileRef = FFA47C631EC8F47F00465E11 /* Assets.xcassets */; };
		FFA47C6B1EC8F47F00465E11 /* FamilyPocketWatch Extension.appex in Embed App Extensions */ = {isa = PBXBuildFile; fileRef = FFA47C6A1EC8F47F00465E11 /* FamilyPocketWatch Extension.appex */; settings = {ATTRIBUTES = (RemoveHeadersOnCopy, ); }; };
		FFA47C721EC8F47F00465E11 /* InterfaceController.swift in Sources */ = {isa = PBXBuildFile; fileRef = FFA47C711EC8F47F00465E11 /* InterfaceController.swift */; };
		FFA47C741EC8F47F00465E11 /* ExtensionDelegate.swift in Sources */ = {isa = PBXBuildFile; fileRef = FFA47C731EC8F47F00465E11 /* ExtensionDelegate.swift */; };
		FFA47C761EC8F47F00465E11 /* NotificationController.swift in Sources */ = {isa = PBXBuildFile; fileRef = FFA47C751EC8F47F00465E11 /* NotificationController.swift */; };
		FFA47C781EC8F47F00465E11 /* ComplicationController.swift in Sources */ = {isa = PBXBuildFile; fileRef = FFA47C771EC8F47F00465E11 /* ComplicationController.swift */; };
		FFA47C7A1EC8F47F00465E11 /* Assets.xcassets in Resources */ = {isa = PBXBuildFile; fileRef = FFA47C791EC8F47F00465E11 /* Assets.xcassets */; };
		FFA47C7E1EC8F47F00465E11 /* FamilyPocketWatch.app in Embed Watch Content */ = {isa = PBXBuildFile; fileRef = FFA47C5E1EC8F47F00465E11 /* FamilyPocketWatch.app */; };
		FFA7D7561EC77FC8009DF4C3 /* AButton.swift in Sources */ = {isa = PBXBuildFile; fileRef = FFA7D7541EC77FC8009DF4C3 /* AButton.swift */; };
		FFA7D7571EC77FC8009DF4C3 /* ALabel.swift in Sources */ = {isa = PBXBuildFile; fileRef = FFA7D7551EC77FC8009DF4C3 /* ALabel.swift */; };
		FFA7D7591EC77FDE009DF4C3 /* CurrencyTextfield.swift in Sources */ = {isa = PBXBuildFile; fileRef = FFA7D7581EC77FDE009DF4C3 /* CurrencyTextfield.swift */; };
		FFA7D7601EC790A3009DF4C3 /* AnimatedCollectionViewLayout.swift in Sources */ = {isa = PBXBuildFile; fileRef = FFA7D75B1EC790A3009DF4C3 /* AnimatedCollectionViewLayout.swift */; };
		FFA7D7611EC790A3009DF4C3 /* CubeAttributesAnimator.swift in Sources */ = {isa = PBXBuildFile; fileRef = FFA7D75C1EC790A3009DF4C3 /* CubeAttributesAnimator.swift */; };
		FFA7D7661EC7948C009DF4C3 /* CategoryCollectionViewCell.swift in Sources */ = {isa = PBXBuildFile; fileRef = FFA7D7641EC7948C009DF4C3 /* CategoryCollectionViewCell.swift */; };
		FFA7D7671EC7948C009DF4C3 /* CategoryCollectionViewCell.xib in Resources */ = {isa = PBXBuildFile; fileRef = FFA7D7651EC7948C009DF4C3 /* CategoryCollectionViewCell.xib */; };
		FFB47E301EA94B2A00B36507 /* AppDelegate.swift in Sources */ = {isa = PBXBuildFile; fileRef = FFB47E2F1EA94B2A00B36507 /* AppDelegate.swift */; };
		FFB47E371EA94B2A00B36507 /* Assets.xcassets in Resources */ = {isa = PBXBuildFile; fileRef = FFB47E361EA94B2A00B36507 /* Assets.xcassets */; };
		FFB47E3A1EA94B2A00B36507 /* LaunchScreen.storyboard in Resources */ = {isa = PBXBuildFile; fileRef = FFB47E381EA94B2A00B36507 /* LaunchScreen.storyboard */; };
		FFB47E451EA94B2A00B36507 /* FamilyPocketTests.swift in Sources */ = {isa = PBXBuildFile; fileRef = FFB47E441EA94B2A00B36507 /* FamilyPocketTests.swift */; };
		FFB47E501EA94B2A00B36507 /* FamilyPocketUITests.swift in Sources */ = {isa = PBXBuildFile; fileRef = FFB47E4F1EA94B2A00B36507 /* FamilyPocketUITests.swift */; };
		FFB47E691EA955D700B36507 /* NSObject+ClassName.swift in Sources */ = {isa = PBXBuildFile; fileRef = FFB47E681EA955D700B36507 /* NSObject+ClassName.swift */; };
/* End PBXBuildFile section */

/* Begin PBXContainerItemProxy section */
		FFA47C6C1EC8F47F00465E11 /* PBXContainerItemProxy */ = {
			isa = PBXContainerItemProxy;
			containerPortal = FFB47E241EA94B2A00B36507 /* Project object */;
			proxyType = 1;
			remoteGlobalIDString = FFA47C691EC8F47F00465E11;
			remoteInfo = "FamilyPocketWatch Extension";
		};
		FFA47C7C1EC8F47F00465E11 /* PBXContainerItemProxy */ = {
			isa = PBXContainerItemProxy;
			containerPortal = FFB47E241EA94B2A00B36507 /* Project object */;
			proxyType = 1;
			remoteGlobalIDString = FFA47C5D1EC8F47F00465E11;
			remoteInfo = FamilyPocketWatch;
		};
		FFB47E411EA94B2A00B36507 /* PBXContainerItemProxy */ = {
			isa = PBXContainerItemProxy;
			containerPortal = FFB47E241EA94B2A00B36507 /* Project object */;
			proxyType = 1;
			remoteGlobalIDString = FFB47E2B1EA94B2A00B36507;
			remoteInfo = FamilyPocket;
		};
		FFB47E4C1EA94B2A00B36507 /* PBXContainerItemProxy */ = {
			isa = PBXContainerItemProxy;
			containerPortal = FFB47E241EA94B2A00B36507 /* Project object */;
			proxyType = 1;
			remoteGlobalIDString = FFB47E2B1EA94B2A00B36507;
			remoteInfo = FamilyPocket;
		};
/* End PBXContainerItemProxy section */

/* Begin PBXCopyFilesBuildPhase section */
		FFA47C841EC8F47F00465E11 /* Embed App Extensions */ = {
			isa = PBXCopyFilesBuildPhase;
			buildActionMask = 2147483647;
			dstPath = "";
			dstSubfolderSpec = 13;
			files = (
				FFA47C6B1EC8F47F00465E11 /* FamilyPocketWatch Extension.appex in Embed App Extensions */,
			);
			name = "Embed App Extensions";
			runOnlyForDeploymentPostprocessing = 0;
		};
		FFA47C861EC8F47F00465E11 /* Embed Watch Content */ = {
			isa = PBXCopyFilesBuildPhase;
			buildActionMask = 2147483647;
			dstPath = "$(CONTENTS_FOLDER_PATH)/Watch";
			dstSubfolderSpec = 16;
			files = (
				FFA47C7E1EC8F47F00465E11 /* FamilyPocketWatch.app in Embed Watch Content */,
			);
			name = "Embed Watch Content";
			runOnlyForDeploymentPostprocessing = 0;
		};
/* End PBXCopyFilesBuildPhase section */

/* Begin PBXFileReference section */
		27422B3779408EE6FD0D0936 /* Pods-FamilyPocketTests.release.xcconfig */ = {isa = PBXFileReference; includeInIndex = 1; lastKnownFileType = text.xcconfig; name = "Pods-FamilyPocketTests.release.xcconfig"; path = "Pods/Target Support Files/Pods-FamilyPocketTests/Pods-FamilyPocketTests.release.xcconfig"; sourceTree = "<group>"; };
		311D483D7BC4071819FE95C0 /* Pods-FamilyPocket.release.xcconfig */ = {isa = PBXFileReference; includeInIndex = 1; lastKnownFileType = text.xcconfig; name = "Pods-FamilyPocket.release.xcconfig"; path = "Pods/Target Support Files/Pods-FamilyPocket/Pods-FamilyPocket.release.xcconfig"; sourceTree = "<group>"; };
		86D83943B08B5D59E8AD6567 /* Pods-FamilyPocketTests.debug.xcconfig */ = {isa = PBXFileReference; includeInIndex = 1; lastKnownFileType = text.xcconfig; name = "Pods-FamilyPocketTests.debug.xcconfig"; path = "Pods/Target Support Files/Pods-FamilyPocketTests/Pods-FamilyPocketTests.debug.xcconfig"; sourceTree = "<group>"; };
		B0B2B8DD6A76593EC86FD9EE /* Pods_FamilyPocketTests.framework */ = {isa = PBXFileReference; explicitFileType = wrapper.framework; includeInIndex = 0; path = Pods_FamilyPocketTests.framework; sourceTree = BUILT_PRODUCTS_DIR; };
		D1626303587FFBC6398A3C55 /* Pods-FamilyPocket.debug.xcconfig */ = {isa = PBXFileReference; includeInIndex = 1; lastKnownFileType = text.xcconfig; name = "Pods-FamilyPocket.debug.xcconfig"; path = "Pods/Target Support Files/Pods-FamilyPocket/Pods-FamilyPocket.debug.xcconfig"; sourceTree = "<group>"; };
		DA04944A7179E23DE58CB724 /* Pods_FamilyPocket.framework */ = {isa = PBXFileReference; explicitFileType = wrapper.framework; includeInIndex = 0; path = Pods_FamilyPocket.framework; sourceTree = BUILT_PRODUCTS_DIR; };
		FF05CB541EC87EE000192647 /* AddNewExpenseViewController.swift */ = {isa = PBXFileReference; fileEncoding = 4; lastKnownFileType = sourcecode.swift; path = AddNewExpenseViewController.swift; sourceTree = "<group>"; };
		FF05CB551EC87EE000192647 /* AddNewExpenseViewController.xib */ = {isa = PBXFileReference; fileEncoding = 4; lastKnownFileType = file.xib; path = AddNewExpenseViewController.xib; sourceTree = "<group>"; };
		FF05CB561EC87EE000192647 /* Animator.swift */ = {isa = PBXFileReference; fileEncoding = 4; lastKnownFileType = sourcecode.swift; path = Animator.swift; sourceTree = "<group>"; };
		FF05CB571EC87EE000192647 /* ExpenseSummaryViewController.swift */ = {isa = PBXFileReference; fileEncoding = 4; lastKnownFileType = sourcecode.swift; path = ExpenseSummaryViewController.swift; sourceTree = "<group>"; };
		FF05CB581EC87EE000192647 /* ExpenseSummaryViewController.xib */ = {isa = PBXFileReference; fileEncoding = 4; lastKnownFileType = file.xib; path = ExpenseSummaryViewController.xib; sourceTree = "<group>"; };
		FF05CB591EC87EE000192647 /* HostingViewController.swift */ = {isa = PBXFileReference; fileEncoding = 4; lastKnownFileType = sourcecode.swift; path = HostingViewController.swift; sourceTree = "<group>"; };
		FF05CB5A1EC87EE000192647 /* PrivateTransitionContext.swift */ = {isa = PBXFileReference; fileEncoding = 4; lastKnownFileType = sourcecode.swift; path = PrivateTransitionContext.swift; sourceTree = "<group>"; };
		FF05CB5B1EC87EE000192647 /* SettingsViewController.swift */ = {isa = PBXFileReference; fileEncoding = 4; lastKnownFileType = sourcecode.swift; path = SettingsViewController.swift; sourceTree = "<group>"; };
		FF05CB5C1EC87EE000192647 /* SettingsViewController.xib */ = {isa = PBXFileReference; fileEncoding = 4; lastKnownFileType = file.xib; path = SettingsViewController.xib; sourceTree = "<group>"; };
		FF834F3F1ECC7346000DE055 /* Expense.swift */ = {isa = PBXFileReference; fileEncoding = 4; lastKnownFileType = sourcecode.swift; path = Expense.swift; sourceTree = "<group>"; };
		FF834F411ECC75EE000DE055 /* Persistable.swift */ = {isa = PBXFileReference; fileEncoding = 4; lastKnownFileType = sourcecode.swift; path = Persistable.swift; sourceTree = "<group>"; };
		FF834F431ECC76B2000DE055 /* ExpenseManager.swift */ = {isa = PBXFileReference; fileEncoding = 4; lastKnownFileType = sourcecode.swift; path = ExpenseManager.swift; sourceTree = "<group>"; };
		FF834F451ECC8981000DE055 /* incomeCategories.json */ = {isa = PBXFileReference; fileEncoding = 4; lastKnownFileType = text.json; path = incomeCategories.json; sourceTree = "<group>"; };
		FF834F471ECC90BE000DE055 /* TestTableViewController.swift */ = {isa = PBXFileReference; fileEncoding = 4; lastKnownFileType = sourcecode.swift; path = TestTableViewController.swift; sourceTree = "<group>"; };
		FF834F491ECC90DA000DE055 /* ExpenseSummaryViewController+DataSourse.swift */ = {isa = PBXFileReference; fileEncoding = 4; lastKnownFileType = sourcecode.swift; path = "ExpenseSummaryViewController+DataSourse.swift"; sourceTree = "<group>"; };
		FF834F4B1ECC91D4000DE055 /* SummaryTableViewCell.swift */ = {isa = PBXFileReference; fileEncoding = 4; lastKnownFileType = sourcecode.swift; path = SummaryTableViewCell.swift; sourceTree = "<group>"; };
		FF834F4C1ECC91D4000DE055 /* SummaryTableViewCell.xib */ = {isa = PBXFileReference; fileEncoding = 4; lastKnownFileType = file.xib; path = SummaryTableViewCell.xib; sourceTree = "<group>"; };
		FF834F561ECC97A1000DE055 /* DatePresenter.swift */ = {isa = PBXFileReference; fileEncoding = 4; lastKnownFileType = sourcecode.swift; path = DatePresenter.swift; sourceTree = "<group>"; };
		FF834F581ECC9B27000DE055 /* ExpenseSummaryViewController+Delegate.swift */ = {isa = PBXFileReference; fileEncoding = 4; lastKnownFileType = sourcecode.swift; path = "ExpenseSummaryViewController+Delegate.swift"; sourceTree = "<group>"; };
		FF834F5A1ECC9F69000DE055 /* Income.swift */ = {isa = PBXFileReference; fileEncoding = 4; lastKnownFileType = sourcecode.swift; path = Income.swift; sourceTree = "<group>"; };
		FFA47C1F1EC88F9600465E11 /* categories.json */ = {isa = PBXFileReference; fileEncoding = 4; lastKnownFileType = text.json; path = categories.json; sourceTree = "<group>"; };
		FFA47C241EC88FEF00465E11 /* Category.swift */ = {isa = PBXFileReference; fileEncoding = 4; lastKnownFileType = sourcecode.swift; path = Category.swift; sourceTree = "<group>"; };
		FFA47C261EC8912000465E11 /* RealmDataImporter.swift */ = {isa = PBXFileReference; fileEncoding = 4; lastKnownFileType = sourcecode.swift; path = RealmDataImporter.swift; sourceTree = "<group>"; };
		FFA47C291EC8A01F00465E11 /* CategoryManager.swift */ = {isa = PBXFileReference; fileEncoding = 4; lastKnownFileType = sourcecode.swift; path = CategoryManager.swift; sourceTree = "<group>"; };
		FFA47C2D1EC8A69D00465E11 /* String+UIColor.swift */ = {isa = PBXFileReference; fileEncoding = 4; lastKnownFileType = sourcecode.swift; path = "String+UIColor.swift"; sourceTree = "<group>"; };
		FFA47C311EC8A6F000465E11 /* UIColor+LighterDarker.swift */ = {isa = PBXFileReference; fileEncoding = 4; lastKnownFileType = sourcecode.swift; path = "UIColor+LighterDarker.swift"; sourceTree = "<group>"; };
		FFA47C341EC8A78600465E11 /* CategoryCollectionViewDelegate.swift */ = {isa = PBXFileReference; fileEncoding = 4; lastKnownFileType = sourcecode.swift; path = CategoryCollectionViewDelegate.swift; sourceTree = "<group>"; };
		FFA47C381EC8A94700465E11 /* CategoryCollectionViewDataSource.swift */ = {isa = PBXFileReference; fileEncoding = 4; lastKnownFileType = sourcecode.swift; path = CategoryCollectionViewDataSource.swift; sourceTree = "<group>"; };
		FFA47C3B1EC8BB0E00465E11 /* KeyboardUtility.swift */ = {isa = PBXFileReference; fileEncoding = 4; lastKnownFileType = sourcecode.swift; path = KeyboardUtility.swift; sourceTree = "<group>"; };
		FFA47C3D1EC8CB6100465E11 /* UIColor+FamilyPocket.swift */ = {isa = PBXFileReference; fileEncoding = 4; lastKnownFileType = sourcecode.swift; path = "UIColor+FamilyPocket.swift"; sourceTree = "<group>"; };
		FFA47C3F1EC8E30E00465E11 /* FlatUIColors.swift */ = {isa = PBXFileReference; fileEncoding = 4; lastKnownFileType = sourcecode.swift; path = FlatUIColors.swift; sourceTree = "<group>"; };
		FFA47C411EC8E54000465E11 /* ColorPaletteTableViewController.swift */ = {isa = PBXFileReference; fileEncoding = 4; lastKnownFileType = sourcecode.swift; path = ColorPaletteTableViewController.swift; sourceTree = "<group>"; };
		FFA47C431EC8E59B00465E11 /* ColorTableViewCell.swift */ = {isa = PBXFileReference; fileEncoding = 4; lastKnownFileType = sourcecode.swift; path = ColorTableViewCell.swift; sourceTree = "<group>"; };
		FFA47C441EC8E59B00465E11 /* ColorTableViewCell.xib */ = {isa = PBXFileReference; fileEncoding = 4; lastKnownFileType = file.xib; path = ColorTableViewCell.xib; sourceTree = "<group>"; };
		FFA47C5E1EC8F47F00465E11 /* FamilyPocketWatch.app */ = {isa = PBXFileReference; explicitFileType = wrapper.application; includeInIndex = 0; path = FamilyPocketWatch.app; sourceTree = BUILT_PRODUCTS_DIR; };
		FFA47C611EC8F47F00465E11 /* Base */ = {isa = PBXFileReference; lastKnownFileType = file.storyboard; name = Base; path = Base.lproj/Interface.storyboard; sourceTree = "<group>"; };
		FFA47C631EC8F47F00465E11 /* Assets.xcassets */ = {isa = PBXFileReference; lastKnownFileType = folder.assetcatalog; path = Assets.xcassets; sourceTree = "<group>"; };
		FFA47C651EC8F47F00465E11 /* Info.plist */ = {isa = PBXFileReference; lastKnownFileType = text.plist.xml; path = Info.plist; sourceTree = "<group>"; };
		FFA47C6A1EC8F47F00465E11 /* FamilyPocketWatch Extension.appex */ = {isa = PBXFileReference; explicitFileType = "wrapper.app-extension"; includeInIndex = 0; path = "FamilyPocketWatch Extension.appex"; sourceTree = BUILT_PRODUCTS_DIR; };
		FFA47C701EC8F47F00465E11 /* PushNotificationPayload.apns */ = {isa = PBXFileReference; lastKnownFileType = text; path = PushNotificationPayload.apns; sourceTree = "<group>"; };
		FFA47C711EC8F47F00465E11 /* InterfaceController.swift */ = {isa = PBXFileReference; lastKnownFileType = sourcecode.swift; path = InterfaceController.swift; sourceTree = "<group>"; };
		FFA47C731EC8F47F00465E11 /* ExtensionDelegate.swift */ = {isa = PBXFileReference; lastKnownFileType = sourcecode.swift; path = ExtensionDelegate.swift; sourceTree = "<group>"; };
		FFA47C751EC8F47F00465E11 /* NotificationController.swift */ = {isa = PBXFileReference; lastKnownFileType = sourcecode.swift; path = NotificationController.swift; sourceTree = "<group>"; };
		FFA47C771EC8F47F00465E11 /* ComplicationController.swift */ = {isa = PBXFileReference; lastKnownFileType = sourcecode.swift; path = ComplicationController.swift; sourceTree = "<group>"; };
		FFA47C791EC8F47F00465E11 /* Assets.xcassets */ = {isa = PBXFileReference; lastKnownFileType = folder.assetcatalog; path = Assets.xcassets; sourceTree = "<group>"; };
		FFA47C7B1EC8F47F00465E11 /* Info.plist */ = {isa = PBXFileReference; lastKnownFileType = text.plist.xml; path = Info.plist; sourceTree = "<group>"; };
		FFA7D7541EC77FC8009DF4C3 /* AButton.swift */ = {isa = PBXFileReference; fileEncoding = 4; lastKnownFileType = sourcecode.swift; path = AButton.swift; sourceTree = "<group>"; };
		FFA7D7551EC77FC8009DF4C3 /* ALabel.swift */ = {isa = PBXFileReference; fileEncoding = 4; lastKnownFileType = sourcecode.swift; path = ALabel.swift; sourceTree = "<group>"; };
		FFA7D7581EC77FDE009DF4C3 /* CurrencyTextfield.swift */ = {isa = PBXFileReference; fileEncoding = 4; lastKnownFileType = sourcecode.swift; path = CurrencyTextfield.swift; sourceTree = "<group>"; };
		FFA7D75B1EC790A3009DF4C3 /* AnimatedCollectionViewLayout.swift */ = {isa = PBXFileReference; fileEncoding = 4; lastKnownFileType = sourcecode.swift; path = AnimatedCollectionViewLayout.swift; sourceTree = "<group>"; };
		FFA7D75C1EC790A3009DF4C3 /* CubeAttributesAnimator.swift */ = {isa = PBXFileReference; fileEncoding = 4; lastKnownFileType = sourcecode.swift; path = CubeAttributesAnimator.swift; sourceTree = "<group>"; };
		FFA7D7641EC7948C009DF4C3 /* CategoryCollectionViewCell.swift */ = {isa = PBXFileReference; fileEncoding = 4; lastKnownFileType = sourcecode.swift; path = CategoryCollectionViewCell.swift; sourceTree = "<group>"; };
		FFA7D7651EC7948C009DF4C3 /* CategoryCollectionViewCell.xib */ = {isa = PBXFileReference; fileEncoding = 4; lastKnownFileType = file.xib; path = CategoryCollectionViewCell.xib; sourceTree = "<group>"; };
		FFB47E2C1EA94B2A00B36507 /* FamilyPocket.app */ = {isa = PBXFileReference; explicitFileType = wrapper.application; includeInIndex = 0; path = FamilyPocket.app; sourceTree = BUILT_PRODUCTS_DIR; };
		FFB47E2F1EA94B2A00B36507 /* AppDelegate.swift */ = {isa = PBXFileReference; lastKnownFileType = sourcecode.swift; path = AppDelegate.swift; sourceTree = "<group>"; };
		FFB47E361EA94B2A00B36507 /* Assets.xcassets */ = {isa = PBXFileReference; lastKnownFileType = folder.assetcatalog; path = Assets.xcassets; sourceTree = "<group>"; };
		FFB47E391EA94B2A00B36507 /* Base */ = {isa = PBXFileReference; lastKnownFileType = file.storyboard; name = Base; path = Base.lproj/LaunchScreen.storyboard; sourceTree = "<group>"; };
		FFB47E3B1EA94B2A00B36507 /* Info.plist */ = {isa = PBXFileReference; lastKnownFileType = text.plist.xml; path = Info.plist; sourceTree = "<group>"; };
		FFB47E401EA94B2A00B36507 /* FamilyPocketTests.xctest */ = {isa = PBXFileReference; explicitFileType = wrapper.cfbundle; includeInIndex = 0; path = FamilyPocketTests.xctest; sourceTree = BUILT_PRODUCTS_DIR; };
		FFB47E441EA94B2A00B36507 /* FamilyPocketTests.swift */ = {isa = PBXFileReference; lastKnownFileType = sourcecode.swift; path = FamilyPocketTests.swift; sourceTree = "<group>"; };
		FFB47E461EA94B2A00B36507 /* Info.plist */ = {isa = PBXFileReference; lastKnownFileType = text.plist.xml; path = Info.plist; sourceTree = "<group>"; };
		FFB47E4B1EA94B2A00B36507 /* FamilyPocketUITests.xctest */ = {isa = PBXFileReference; explicitFileType = wrapper.cfbundle; includeInIndex = 0; path = FamilyPocketUITests.xctest; sourceTree = BUILT_PRODUCTS_DIR; };
		FFB47E4F1EA94B2A00B36507 /* FamilyPocketUITests.swift */ = {isa = PBXFileReference; lastKnownFileType = sourcecode.swift; path = FamilyPocketUITests.swift; sourceTree = "<group>"; };
		FFB47E511EA94B2A00B36507 /* Info.plist */ = {isa = PBXFileReference; lastKnownFileType = text.plist.xml; path = Info.plist; sourceTree = "<group>"; };
		FFB47E681EA955D700B36507 /* NSObject+ClassName.swift */ = {isa = PBXFileReference; fileEncoding = 4; lastKnownFileType = sourcecode.swift; path = "NSObject+ClassName.swift"; sourceTree = "<group>"; };
/* End PBXFileReference section */

/* Begin PBXFrameworksBuildPhase section */
		A237D639C450D0F7A90E3B3D /* Frameworks */ = {
			isa = PBXFrameworksBuildPhase;
			buildActionMask = 2147483647;
			files = (
			);
			runOnlyForDeploymentPostprocessing = 0;
		};
		FFA47C671EC8F47F00465E11 /* Frameworks */ = {
			isa = PBXFrameworksBuildPhase;
			buildActionMask = 2147483647;
			files = (
			);
			runOnlyForDeploymentPostprocessing = 0;
		};
		FFB47E291EA94B2A00B36507 /* Frameworks */ = {
			isa = PBXFrameworksBuildPhase;
			buildActionMask = 2147483647;
			files = (
				E778E06F0492577B97658544 /* Pods_FamilyPocket.framework in Frameworks */,
			);
			runOnlyForDeploymentPostprocessing = 0;
		};
		FFB47E3D1EA94B2A00B36507 /* Frameworks */ = {
			isa = PBXFrameworksBuildPhase;
			buildActionMask = 2147483647;
			files = (
				205EEA62DF6E821C42E82BDA /* Pods_FamilyPocketTests.framework in Frameworks */,
			);
			runOnlyForDeploymentPostprocessing = 0;
		};
		FFB47E481EA94B2A00B36507 /* Frameworks */ = {
			isa = PBXFrameworksBuildPhase;
			buildActionMask = 2147483647;
			files = (
			);
			runOnlyForDeploymentPostprocessing = 0;
		};
/* End PBXFrameworksBuildPhase section */

/* Begin PBXGroup section */
		7ABDE897EC1EB186D4CCAE47 /* Frameworks */ = {
			isa = PBXGroup;
			children = (
				DA04944A7179E23DE58CB724 /* Pods_FamilyPocket.framework */,
				B0B2B8DD6A76593EC86FD9EE /* Pods_FamilyPocketTests.framework */,
			);
			name = Frameworks;
			sourceTree = "<group>";
		};
		B07E0A67420C07D2A68DA9F7 /* Pods */ = {
			isa = PBXGroup;
			children = (
				D1626303587FFBC6398A3C55 /* Pods-FamilyPocket.debug.xcconfig */,
				311D483D7BC4071819FE95C0 /* Pods-FamilyPocket.release.xcconfig */,
				86D83943B08B5D59E8AD6567 /* Pods-FamilyPocketTests.debug.xcconfig */,
				27422B3779408EE6FD0D0936 /* Pods-FamilyPocketTests.release.xcconfig */,
			);
			name = Pods;
			sourceTree = "<group>";
		};
		FF05CB531EC87EE000192647 /* ViewControllers */ = {
			isa = PBXGroup;
			children = (
				FF05CB541EC87EE000192647 /* AddNewExpenseViewController.swift */,
				FF05CB551EC87EE000192647 /* AddNewExpenseViewController.xib */,
				FF05CB561EC87EE000192647 /* Animator.swift */,
				FF05CB571EC87EE000192647 /* ExpenseSummaryViewController.swift */,
				FF834F491ECC90DA000DE055 /* ExpenseSummaryViewController+DataSourse.swift */,
				FF834F581ECC9B27000DE055 /* ExpenseSummaryViewController+Delegate.swift */,
				FF834F471ECC90BE000DE055 /* TestTableViewController.swift */,
				FF05CB581EC87EE000192647 /* ExpenseSummaryViewController.xib */,
				FF05CB591EC87EE000192647 /* HostingViewController.swift */,
				FF05CB5A1EC87EE000192647 /* PrivateTransitionContext.swift */,
				FF05CB5B1EC87EE000192647 /* SettingsViewController.swift */,
				FF05CB5C1EC87EE000192647 /* SettingsViewController.xib */,
				FFA47C411EC8E54000465E11 /* ColorPaletteTableViewController.swift */,
			);
			path = ViewControllers;
			sourceTree = "<group>";
		};
		FF834F551ECC978A000DE055 /* Presenter */ = {
			isa = PBXGroup;
			children = (
				FF834F561ECC97A1000DE055 /* DatePresenter.swift */,
			);
			path = Presenter;
			sourceTree = "<group>";
		};
		FFA47C1D1EC88F9600465E11 /* Resources */ = {
			isa = PBXGroup;
			children = (
				FFA47C1E1EC88F9600465E11 /* RealmJSONs */,
			);
			path = Resources;
			sourceTree = "<group>";
		};
		FFA47C1E1EC88F9600465E11 /* RealmJSONs */ = {
			isa = PBXGroup;
			children = (
				FF834F451ECC8981000DE055 /* incomeCategories.json */,
				FFA47C1F1EC88F9600465E11 /* categories.json */,
			);
			path = RealmJSONs;
			sourceTree = "<group>";
		};
		FFA47C211EC88FC000465E11 /* Data */ = {
			isa = PBXGroup;
			children = (
				FF834F411ECC75EE000DE055 /* Persistable.swift */,
				FF834F431ECC76B2000DE055 /* ExpenseManager.swift */,
				FFA47C281EC89EE700465E11 /* CategoryManager */,
				FFA47C231EC88FE000465E11 /* RealmModels */,
				FFA47C221EC88FC000465E11 /* RealmDataImporter */,
			);
			path = Data;
			sourceTree = "<group>";
		};
		FFA47C221EC88FC000465E11 /* RealmDataImporter */ = {
			isa = PBXGroup;
			children = (
				FFA47C261EC8912000465E11 /* RealmDataImporter.swift */,
			);
			path = RealmDataImporter;
			sourceTree = "<group>";
		};
		FFA47C231EC88FE000465E11 /* RealmModels */ = {
			isa = PBXGroup;
			children = (
				FFA47C241EC88FEF00465E11 /* Category.swift */,
				FF834F3F1ECC7346000DE055 /* Expense.swift */,
				FF834F5A1ECC9F69000DE055 /* Income.swift */,
			);
			path = RealmModels;
			sourceTree = "<group>";
		};
		FFA47C281EC89EE700465E11 /* CategoryManager */ = {
			isa = PBXGroup;
			children = (
				FFA47C291EC8A01F00465E11 /* CategoryManager.swift */,
			);
			path = CategoryManager;
			sourceTree = "<group>";
		};
		FFA47C331EC8A77600465E11 /* CategoryCollectionViewDelegateDataSource */ = {
			isa = PBXGroup;
			children = (
				FFA47C341EC8A78600465E11 /* CategoryCollectionViewDelegate.swift */,
				FFA47C381EC8A94700465E11 /* CategoryCollectionViewDataSource.swift */,
			);
			name = CategoryCollectionViewDelegateDataSource;
			path = CategoryCollectionViewDelegate;
			sourceTree = "<group>";
		};
		FFA47C3A1EC8BAF900465E11 /* Utility */ = {
			isa = PBXGroup;
			children = (
				FFA47C3F1EC8E30E00465E11 /* FlatUIColors.swift */,
				FFA47C3B1EC8BB0E00465E11 /* KeyboardUtility.swift */,
			);
			path = Utility;
			sourceTree = "<group>";
		};
		FFA47C5F1EC8F47F00465E11 /* FamilyPocketWatch */ = {
			isa = PBXGroup;
			children = (
				FFA47C601EC8F47F00465E11 /* Interface.storyboard */,
				FFA47C631EC8F47F00465E11 /* Assets.xcassets */,
				FFA47C651EC8F47F00465E11 /* Info.plist */,
			);
			path = FamilyPocketWatch;
			sourceTree = "<group>";
		};
		FFA47C6E1EC8F47F00465E11 /* FamilyPocketWatch Extension */ = {
			isa = PBXGroup;
			children = (
				FFA47C711EC8F47F00465E11 /* InterfaceController.swift */,
				FFA47C731EC8F47F00465E11 /* ExtensionDelegate.swift */,
				FFA47C751EC8F47F00465E11 /* NotificationController.swift */,
				FFA47C771EC8F47F00465E11 /* ComplicationController.swift */,
				FFA47C791EC8F47F00465E11 /* Assets.xcassets */,
				FFA47C7B1EC8F47F00465E11 /* Info.plist */,
				FFA47C6F1EC8F47F00465E11 /* Supporting Files */,
			);
			path = "FamilyPocketWatch Extension";
			sourceTree = "<group>";
		};
		FFA47C6F1EC8F47F00465E11 /* Supporting Files */ = {
			isa = PBXGroup;
			children = (
				FFA47C701EC8F47F00465E11 /* PushNotificationPayload.apns */,
			);
			name = "Supporting Files";
			sourceTree = "<group>";
		};
		FFA7D74B1EC76446009DF4C3 /* Views */ = {
			isa = PBXGroup;
			children = (
				FFA7D75A1EC790A3009DF4C3 /* CollectionView */,
				FFA7D7531EC77FC8009DF4C3 /* Animatable */,
				FFA7D7581EC77FDE009DF4C3 /* CurrencyTextfield.swift */,
				FFA47C431EC8E59B00465E11 /* ColorTableViewCell.swift */,
				FFA47C441EC8E59B00465E11 /* ColorTableViewCell.xib */,
				FF834F4B1ECC91D4000DE055 /* SummaryTableViewCell.swift */,
				FF834F4C1ECC91D4000DE055 /* SummaryTableViewCell.xib */,
			);
			path = Views;
			sourceTree = "<group>";
		};
		FFA7D7501EC77C07009DF4C3 /* DelegatesDataSources */ = {
			isa = PBXGroup;
			children = (
				FFA47C331EC8A77600465E11 /* CategoryCollectionViewDelegateDataSource */,
			);
			name = DelegatesDataSources;
			path = Delegates;
			sourceTree = "<group>";
		};
		FFA7D7531EC77FC8009DF4C3 /* Animatable */ = {
			isa = PBXGroup;
			children = (
				FFA7D7541EC77FC8009DF4C3 /* AButton.swift */,
				FFA7D7551EC77FC8009DF4C3 /* ALabel.swift */,
			);
			path = Animatable;
			sourceTree = "<group>";
		};
		FFA7D75A1EC790A3009DF4C3 /* CollectionView */ = {
			isa = PBXGroup;
			children = (
				FFA7D75B1EC790A3009DF4C3 /* AnimatedCollectionViewLayout.swift */,
				FFA7D75C1EC790A3009DF4C3 /* CubeAttributesAnimator.swift */,
				FFA7D7641EC7948C009DF4C3 /* CategoryCollectionViewCell.swift */,
				FFA7D7651EC7948C009DF4C3 /* CategoryCollectionViewCell.xib */,
			);
			path = CollectionView;
			sourceTree = "<group>";
		};
		FFB47E231EA94B2A00B36507 = {
			isa = PBXGroup;
			children = (
				FFB47E2E1EA94B2A00B36507 /* FamilyPocket */,
				FFA47C1D1EC88F9600465E11 /* Resources */,
				FFB47E431EA94B2A00B36507 /* FamilyPocketTests */,
				FFB47E4E1EA94B2A00B36507 /* FamilyPocketUITests */,
				FFA47C5F1EC8F47F00465E11 /* FamilyPocketWatch */,
				FFA47C6E1EC8F47F00465E11 /* FamilyPocketWatch Extension */,
				FFB47E2D1EA94B2A00B36507 /* Products */,
				B07E0A67420C07D2A68DA9F7 /* Pods */,
				7ABDE897EC1EB186D4CCAE47 /* Frameworks */,
			);
			sourceTree = "<group>";
		};
		FFB47E2D1EA94B2A00B36507 /* Products */ = {
			isa = PBXGroup;
			children = (
				FFB47E2C1EA94B2A00B36507 /* FamilyPocket.app */,
				FFB47E401EA94B2A00B36507 /* FamilyPocketTests.xctest */,
				FFB47E4B1EA94B2A00B36507 /* FamilyPocketUITests.xctest */,
				FFA47C5E1EC8F47F00465E11 /* FamilyPocketWatch.app */,
				FFA47C6A1EC8F47F00465E11 /* FamilyPocketWatch Extension.appex */,
			);
			name = Products;
			sourceTree = "<group>";
		};
		FFB47E2E1EA94B2A00B36507 /* FamilyPocket */ = {
			isa = PBXGroup;
			children = (
				FFB47E2F1EA94B2A00B36507 /* AppDelegate.swift */,
				FF05CB531EC87EE000192647 /* ViewControllers */,
				FFA7D74B1EC76446009DF4C3 /* Views */,
				FFA47C211EC88FC000465E11 /* Data */,
				FF834F551ECC978A000DE055 /* Presenter */,
				FFA7D7501EC77C07009DF4C3 /* DelegatesDataSources */,
				FFA47C3A1EC8BAF900465E11 /* Utility */,
				FFB47E671EA955C300B36507 /* Extensions */,
				FFB47E361EA94B2A00B36507 /* Assets.xcassets */,
				FFB47E381EA94B2A00B36507 /* LaunchScreen.storyboard */,
				FFB47E3B1EA94B2A00B36507 /* Info.plist */,
			);
			path = FamilyPocket;
			sourceTree = "<group>";
		};
		FFB47E431EA94B2A00B36507 /* FamilyPocketTests */ = {
			isa = PBXGroup;
			children = (
				FFB47E441EA94B2A00B36507 /* FamilyPocketTests.swift */,
				FFB47E461EA94B2A00B36507 /* Info.plist */,
			);
			path = FamilyPocketTests;
			sourceTree = "<group>";
		};
		FFB47E4E1EA94B2A00B36507 /* FamilyPocketUITests */ = {
			isa = PBXGroup;
			children = (
				FFB47E4F1EA94B2A00B36507 /* FamilyPocketUITests.swift */,
				FFB47E511EA94B2A00B36507 /* Info.plist */,
			);
			path = FamilyPocketUITests;
			sourceTree = "<group>";
		};
		FFB47E671EA955C300B36507 /* Extensions */ = {
			isa = PBXGroup;
			children = (
				FFA47C311EC8A6F000465E11 /* UIColor+LighterDarker.swift */,
				FFB47E681EA955D700B36507 /* NSObject+ClassName.swift */,
				FFA47C2D1EC8A69D00465E11 /* String+UIColor.swift */,
				FFA47C3D1EC8CB6100465E11 /* UIColor+FamilyPocket.swift */,
			);
			path = Extensions;
			sourceTree = "<group>";
		};
/* End PBXGroup section */

/* Begin PBXNativeTarget section */
		FFA47C5D1EC8F47F00465E11 /* FamilyPocketWatch */ = {
			isa = PBXNativeTarget;
			buildConfigurationList = FFA47C851EC8F47F00465E11 /* Build configuration list for PBXNativeTarget "FamilyPocketWatch" */;
			buildPhases = (
				FFA47C5C1EC8F47F00465E11 /* Resources */,
				FFA47C841EC8F47F00465E11 /* Embed App Extensions */,
				A237D639C450D0F7A90E3B3D /* Frameworks */,
			);
			buildRules = (
			);
			dependencies = (
				FFA47C6D1EC8F47F00465E11 /* PBXTargetDependency */,
			);
			name = FamilyPocketWatch;
			productName = FamilyPocketWatch;
			productReference = FFA47C5E1EC8F47F00465E11 /* FamilyPocketWatch.app */;
			productType = "com.apple.product-type.application.watchapp2";
		};
		FFA47C691EC8F47F00465E11 /* FamilyPocketWatch Extension */ = {
			isa = PBXNativeTarget;
			buildConfigurationList = FFA47C831EC8F47F00465E11 /* Build configuration list for PBXNativeTarget "FamilyPocketWatch Extension" */;
			buildPhases = (
				FFA47C661EC8F47F00465E11 /* Sources */,
				FFA47C671EC8F47F00465E11 /* Frameworks */,
				FFA47C681EC8F47F00465E11 /* Resources */,
			);
			buildRules = (
			);
			dependencies = (
			);
			name = "FamilyPocketWatch Extension";
			productName = "FamilyPocketWatch Extension";
			productReference = FFA47C6A1EC8F47F00465E11 /* FamilyPocketWatch Extension.appex */;
			productType = "com.apple.product-type.watchkit2-extension";
		};
		FFB47E2B1EA94B2A00B36507 /* FamilyPocket */ = {
			isa = PBXNativeTarget;
			buildConfigurationList = FFB47E541EA94B2A00B36507 /* Build configuration list for PBXNativeTarget "FamilyPocket" */;
			buildPhases = (
				CB3C5E4DACDA0FBCE68FB6CB /* [CP] Check Pods Manifest.lock */,
				FFB47E281EA94B2A00B36507 /* Sources */,
				FFB47E291EA94B2A00B36507 /* Frameworks */,
				FFB47E2A1EA94B2A00B36507 /* Resources */,
				EB28B593F98B17FBA65DD63D /* [CP] Embed Pods Frameworks */,
				9DF732CDD74ED90F67A4F113 /* [CP] Copy Pods Resources */,
				FFA47C861EC8F47F00465E11 /* Embed Watch Content */,
			);
			buildRules = (
			);
			dependencies = (
				FFA47C7D1EC8F47F00465E11 /* PBXTargetDependency */,
			);
			name = FamilyPocket;
			productName = FamilyPocket;
			productReference = FFB47E2C1EA94B2A00B36507 /* FamilyPocket.app */;
			productType = "com.apple.product-type.application";
		};
		FFB47E3F1EA94B2A00B36507 /* FamilyPocketTests */ = {
			isa = PBXNativeTarget;
			buildConfigurationList = FFB47E571EA94B2A00B36507 /* Build configuration list for PBXNativeTarget "FamilyPocketTests" */;
			buildPhases = (
				C4298A6F1C48A62D833C6756 /* [CP] Check Pods Manifest.lock */,
				FFB47E3C1EA94B2A00B36507 /* Sources */,
				FFB47E3D1EA94B2A00B36507 /* Frameworks */,
				FFB47E3E1EA94B2A00B36507 /* Resources */,
				A955BBC127C40C8752BBC4F3 /* [CP] Embed Pods Frameworks */,
				725ED4BDCE5285CB95373C14 /* [CP] Copy Pods Resources */,
			);
			buildRules = (
			);
			dependencies = (
				FFB47E421EA94B2A00B36507 /* PBXTargetDependency */,
			);
			name = FamilyPocketTests;
			productName = FamilyPocketTests;
			productReference = FFB47E401EA94B2A00B36507 /* FamilyPocketTests.xctest */;
			productType = "com.apple.product-type.bundle.unit-test";
		};
		FFB47E4A1EA94B2A00B36507 /* FamilyPocketUITests */ = {
			isa = PBXNativeTarget;
			buildConfigurationList = FFB47E5A1EA94B2A00B36507 /* Build configuration list for PBXNativeTarget "FamilyPocketUITests" */;
			buildPhases = (
				FFB47E471EA94B2A00B36507 /* Sources */,
				FFB47E481EA94B2A00B36507 /* Frameworks */,
				FFB47E491EA94B2A00B36507 /* Resources */,
			);
			buildRules = (
			);
			dependencies = (
				FFB47E4D1EA94B2A00B36507 /* PBXTargetDependency */,
			);
			name = FamilyPocketUITests;
			productName = FamilyPocketUITests;
			productReference = FFB47E4B1EA94B2A00B36507 /* FamilyPocketUITests.xctest */;
			productType = "com.apple.product-type.bundle.ui-testing";
		};
/* End PBXNativeTarget section */

/* Begin PBXProject section */
		FFB47E241EA94B2A00B36507 /* Project object */ = {
			isa = PBXProject;
			attributes = {
				LastSwiftUpdateCheck = 0830;
				LastUpgradeCheck = 0830;
				ORGANIZATIONNAME = "Ivan Sapozhnik";
				TargetAttributes = {
					FFA47C5D1EC8F47F00465E11 = {
						CreatedOnToolsVersion = 8.3;
						DevelopmentTeam = 54HW5825ZV;
						ProvisioningStyle = Automatic;
					};
					FFA47C691EC8F47F00465E11 = {
						CreatedOnToolsVersion = 8.3;
						DevelopmentTeam = 54HW5825ZV;
						ProvisioningStyle = Automatic;
					};
					FFB47E2B1EA94B2A00B36507 = {
						CreatedOnToolsVersion = 8.3;
						DevelopmentTeam = 54HW5825ZV;
						ProvisioningStyle = Automatic;
					};
					FFB47E3F1EA94B2A00B36507 = {
						CreatedOnToolsVersion = 8.3;
						ProvisioningStyle = Automatic;
						TestTargetID = FFB47E2B1EA94B2A00B36507;
					};
					FFB47E4A1EA94B2A00B36507 = {
						CreatedOnToolsVersion = 8.3;
						ProvisioningStyle = Automatic;
						TestTargetID = FFB47E2B1EA94B2A00B36507;
					};
				};
			};
			buildConfigurationList = FFB47E271EA94B2A00B36507 /* Build configuration list for PBXProject "FamilyPocket" */;
			compatibilityVersion = "Xcode 3.2";
			developmentRegion = English;
			hasScannedForEncodings = 0;
			knownRegions = (
				en,
				Base,
			);
			mainGroup = FFB47E231EA94B2A00B36507;
			productRefGroup = FFB47E2D1EA94B2A00B36507 /* Products */;
			projectDirPath = "";
			projectRoot = "";
			targets = (
				FFB47E2B1EA94B2A00B36507 /* FamilyPocket */,
				FFB47E3F1EA94B2A00B36507 /* FamilyPocketTests */,
				FFB47E4A1EA94B2A00B36507 /* FamilyPocketUITests */,
				FFA47C5D1EC8F47F00465E11 /* FamilyPocketWatch */,
				FFA47C691EC8F47F00465E11 /* FamilyPocketWatch Extension */,
			);
		};
/* End PBXProject section */

/* Begin PBXResourcesBuildPhase section */
		FFA47C5C1EC8F47F00465E11 /* Resources */ = {
			isa = PBXResourcesBuildPhase;
			buildActionMask = 2147483647;
			files = (
				FFA47C641EC8F47F00465E11 /* Assets.xcassets in Resources */,
				FFA47C621EC8F47F00465E11 /* Interface.storyboard in Resources */,
			);
			runOnlyForDeploymentPostprocessing = 0;
		};
		FFA47C681EC8F47F00465E11 /* Resources */ = {
			isa = PBXResourcesBuildPhase;
			buildActionMask = 2147483647;
			files = (
				FFA47C7A1EC8F47F00465E11 /* Assets.xcassets in Resources */,
			);
			runOnlyForDeploymentPostprocessing = 0;
		};
		FFB47E2A1EA94B2A00B36507 /* Resources */ = {
			isa = PBXResourcesBuildPhase;
			buildActionMask = 2147483647;
			files = (
				FFA47C201EC88F9600465E11 /* categories.json in Resources */,
				FFA47C461EC8E59B00465E11 /* ColorTableViewCell.xib in Resources */,
				FFB47E3A1EA94B2A00B36507 /* LaunchScreen.storyboard in Resources */,
				FF05CB651EC87EE000192647 /* SettingsViewController.xib in Resources */,
				FF834F4E1ECC91D4000DE055 /* SummaryTableViewCell.xib in Resources */,
				FFA7D7671EC7948C009DF4C3 /* CategoryCollectionViewCell.xib in Resources */,
				FF05CB5E1EC87EE000192647 /* AddNewExpenseViewController.xib in Resources */,
				FFB47E371EA94B2A00B36507 /* Assets.xcassets in Resources */,
				FF834F461ECC8981000DE055 /* incomeCategories.json in Resources */,
				FF05CB611EC87EE000192647 /* ExpenseSummaryViewController.xib in Resources */,
			);
			runOnlyForDeploymentPostprocessing = 0;
		};
		FFB47E3E1EA94B2A00B36507 /* Resources */ = {
			isa = PBXResourcesBuildPhase;
			buildActionMask = 2147483647;
			files = (
			);
			runOnlyForDeploymentPostprocessing = 0;
		};
		FFB47E491EA94B2A00B36507 /* Resources */ = {
			isa = PBXResourcesBuildPhase;
			buildActionMask = 2147483647;
			files = (
			);
			runOnlyForDeploymentPostprocessing = 0;
		};
/* End PBXResourcesBuildPhase section */

/* Begin PBXShellScriptBuildPhase section */
		725ED4BDCE5285CB95373C14 /* [CP] Copy Pods Resources */ = {
			isa = PBXShellScriptBuildPhase;
			buildActionMask = 2147483647;
			files = (
			);
			inputPaths = (
			);
			name = "[CP] Copy Pods Resources";
			outputPaths = (
			);
			runOnlyForDeploymentPostprocessing = 0;
			shellPath = /bin/sh;
			shellScript = "\"${SRCROOT}/Pods/Target Support Files/Pods-FamilyPocketTests/Pods-FamilyPocketTests-resources.sh\"\n";
			showEnvVarsInLog = 0;
		};
		9DF732CDD74ED90F67A4F113 /* [CP] Copy Pods Resources */ = {
			isa = PBXShellScriptBuildPhase;
			buildActionMask = 2147483647;
			files = (
			);
			inputPaths = (
			);
			name = "[CP] Copy Pods Resources";
			outputPaths = (
			);
			runOnlyForDeploymentPostprocessing = 0;
			shellPath = /bin/sh;
			shellScript = "\"${SRCROOT}/Pods/Target Support Files/Pods-FamilyPocket/Pods-FamilyPocket-resources.sh\"\n";
			showEnvVarsInLog = 0;
		};
		A955BBC127C40C8752BBC4F3 /* [CP] Embed Pods Frameworks */ = {
			isa = PBXShellScriptBuildPhase;
			buildActionMask = 2147483647;
			files = (
			);
			inputPaths = (
			);
			name = "[CP] Embed Pods Frameworks";
			outputPaths = (
			);
			runOnlyForDeploymentPostprocessing = 0;
			shellPath = /bin/sh;
			shellScript = "\"${SRCROOT}/Pods/Target Support Files/Pods-FamilyPocketTests/Pods-FamilyPocketTests-frameworks.sh\"\n";
			showEnvVarsInLog = 0;
		};
		C4298A6F1C48A62D833C6756 /* [CP] Check Pods Manifest.lock */ = {
			isa = PBXShellScriptBuildPhase;
			buildActionMask = 2147483647;
			files = (
			);
			inputPaths = (
			);
			name = "[CP] Check Pods Manifest.lock";
			outputPaths = (
			);
			runOnlyForDeploymentPostprocessing = 0;
			shellPath = /bin/sh;
			shellScript = "diff \"${PODS_PODFILE_DIR_PATH}/Podfile.lock\" \"${PODS_ROOT}/Manifest.lock\" > /dev/null\nif [ $? != 0 ] ; then\n    # print error to STDERR\n    echo \"error: The sandbox is not in sync with the Podfile.lock. Run 'pod install' or update your CocoaPods installation.\" >&2\n    exit 1\nfi\n";
			showEnvVarsInLog = 0;
		};
		CB3C5E4DACDA0FBCE68FB6CB /* [CP] Check Pods Manifest.lock */ = {
			isa = PBXShellScriptBuildPhase;
			buildActionMask = 2147483647;
			files = (
			);
			inputPaths = (
			);
			name = "[CP] Check Pods Manifest.lock";
			outputPaths = (
			);
			runOnlyForDeploymentPostprocessing = 0;
			shellPath = /bin/sh;
			shellScript = "diff \"${PODS_PODFILE_DIR_PATH}/Podfile.lock\" \"${PODS_ROOT}/Manifest.lock\" > /dev/null\nif [ $? != 0 ] ; then\n    # print error to STDERR\n    echo \"error: The sandbox is not in sync with the Podfile.lock. Run 'pod install' or update your CocoaPods installation.\" >&2\n    exit 1\nfi\n";
			showEnvVarsInLog = 0;
		};
		EB28B593F98B17FBA65DD63D /* [CP] Embed Pods Frameworks */ = {
			isa = PBXShellScriptBuildPhase;
			buildActionMask = 2147483647;
			files = (
			);
			inputPaths = (
			);
			name = "[CP] Embed Pods Frameworks";
			outputPaths = (
			);
			runOnlyForDeploymentPostprocessing = 0;
			shellPath = /bin/sh;
			shellScript = "\"${SRCROOT}/Pods/Target Support Files/Pods-FamilyPocket/Pods-FamilyPocket-frameworks.sh\"\n";
			showEnvVarsInLog = 0;
		};
/* End PBXShellScriptBuildPhase section */

/* Begin PBXSourcesBuildPhase section */
		FFA47C661EC8F47F00465E11 /* Sources */ = {
			isa = PBXSourcesBuildPhase;
			buildActionMask = 2147483647;
			files = (
				FFA47C761EC8F47F00465E11 /* NotificationController.swift in Sources */,
				FFA47C781EC8F47F00465E11 /* ComplicationController.swift in Sources */,
				FFA47C741EC8F47F00465E11 /* ExtensionDelegate.swift in Sources */,
				FFA47C721EC8F47F00465E11 /* InterfaceController.swift in Sources */,
			);
			runOnlyForDeploymentPostprocessing = 0;
		};
		FFB47E281EA94B2A00B36507 /* Sources */ = {
			isa = PBXSourcesBuildPhase;
			buildActionMask = 2147483647;
			files = (
				FF834F401ECC7346000DE055 /* Expense.swift in Sources */,
				FF834F591ECC9B27000DE055 /* ExpenseSummaryViewController+Delegate.swift in Sources */,
				FF05CB631EC87EE000192647 /* PrivateTransitionContext.swift in Sources */,
				FF834F421ECC75EE000DE055 /* Persistable.swift in Sources */,
				FFA47C3C1EC8BB0E00465E11 /* KeyboardUtility.swift in Sources */,
				FF834F4A1ECC90DA000DE055 /* ExpenseSummaryViewController+DataSourse.swift in Sources */,
				FF834F441ECC76B2000DE055 /* ExpenseManager.swift in Sources */,
				FF05CB5D1EC87EE000192647 /* AddNewExpenseViewController.swift in Sources */,
				FFA47C2E1EC8A69D00465E11 /* String+UIColor.swift in Sources */,
				FFA7D7601EC790A3009DF4C3 /* AnimatedCollectionViewLayout.swift in Sources */,
				FFA47C401EC8E30E00465E11 /* FlatUIColors.swift in Sources */,
				FFA47C3E1EC8CB6100465E11 /* UIColor+FamilyPocket.swift in Sources */,
				FFA47C421EC8E54000465E11 /* ColorPaletteTableViewController.swift in Sources */,
				FF834F481ECC90BE000DE055 /* TestTableViewController.swift in Sources */,
				FFA47C321EC8A6F000465E11 /* UIColor+LighterDarker.swift in Sources */,
				FF05CB601EC87EE000192647 /* ExpenseSummaryViewController.swift in Sources */,
				FF05CB621EC87EE000192647 /* HostingViewController.swift in Sources */,
				FFB47E691EA955D700B36507 /* NSObject+ClassName.swift in Sources */,
				FFA47C271EC8912000465E11 /* RealmDataImporter.swift in Sources */,
				FFB47E301EA94B2A00B36507 /* AppDelegate.swift in Sources */,
				FFA47C251EC88FEF00465E11 /* Category.swift in Sources */,
				FF05CB641EC87EE000192647 /* SettingsViewController.swift in Sources */,
				FFA47C2A1EC8A01F00465E11 /* CategoryManager.swift in Sources */,
				FFA7D7611EC790A3009DF4C3 /* CubeAttributesAnimator.swift in Sources */,
				FFA7D7561EC77FC8009DF4C3 /* AButton.swift in Sources */,
				FFA7D7591EC77FDE009DF4C3 /* CurrencyTextfield.swift in Sources */,
				FFA47C391EC8A94700465E11 /* CategoryCollectionViewDataSource.swift in Sources */,
				FF834F571ECC97A1000DE055 /* DatePresenter.swift in Sources */,
				FF834F5B1ECC9F69000DE055 /* Income.swift in Sources */,
				FFA7D7571EC77FC8009DF4C3 /* ALabel.swift in Sources */,
				FFA47C451EC8E59B00465E11 /* ColorTableViewCell.swift in Sources */,
				FF834F4D1ECC91D4000DE055 /* SummaryTableViewCell.swift in Sources */,
				FF05CB5F1EC87EE000192647 /* Animator.swift in Sources */,
				FFA47C351EC8A78600465E11 /* CategoryCollectionViewDelegate.swift in Sources */,
				FFA7D7661EC7948C009DF4C3 /* CategoryCollectionViewCell.swift in Sources */,
			);
			runOnlyForDeploymentPostprocessing = 0;
		};
		FFB47E3C1EA94B2A00B36507 /* Sources */ = {
			isa = PBXSourcesBuildPhase;
			buildActionMask = 2147483647;
			files = (
				FFB47E451EA94B2A00B36507 /* FamilyPocketTests.swift in Sources */,
			);
			runOnlyForDeploymentPostprocessing = 0;
		};
		FFB47E471EA94B2A00B36507 /* Sources */ = {
			isa = PBXSourcesBuildPhase;
			buildActionMask = 2147483647;
			files = (
				FFB47E501EA94B2A00B36507 /* FamilyPocketUITests.swift in Sources */,
			);
			runOnlyForDeploymentPostprocessing = 0;
		};
/* End PBXSourcesBuildPhase section */

/* Begin PBXTargetDependency section */
		FFA47C6D1EC8F47F00465E11 /* PBXTargetDependency */ = {
			isa = PBXTargetDependency;
			target = FFA47C691EC8F47F00465E11 /* FamilyPocketWatch Extension */;
			targetProxy = FFA47C6C1EC8F47F00465E11 /* PBXContainerItemProxy */;
		};
		FFA47C7D1EC8F47F00465E11 /* PBXTargetDependency */ = {
			isa = PBXTargetDependency;
			target = FFA47C5D1EC8F47F00465E11 /* FamilyPocketWatch */;
			targetProxy = FFA47C7C1EC8F47F00465E11 /* PBXContainerItemProxy */;
		};
		FFB47E421EA94B2A00B36507 /* PBXTargetDependency */ = {
			isa = PBXTargetDependency;
			target = FFB47E2B1EA94B2A00B36507 /* FamilyPocket */;
			targetProxy = FFB47E411EA94B2A00B36507 /* PBXContainerItemProxy */;
		};
		FFB47E4D1EA94B2A00B36507 /* PBXTargetDependency */ = {
			isa = PBXTargetDependency;
			target = FFB47E2B1EA94B2A00B36507 /* FamilyPocket */;
			targetProxy = FFB47E4C1EA94B2A00B36507 /* PBXContainerItemProxy */;
		};
/* End PBXTargetDependency section */

/* Begin PBXVariantGroup section */
		FFA47C601EC8F47F00465E11 /* Interface.storyboard */ = {
			isa = PBXVariantGroup;
			children = (
				FFA47C611EC8F47F00465E11 /* Base */,
			);
			name = Interface.storyboard;
			sourceTree = "<group>";
		};
		FFB47E381EA94B2A00B36507 /* LaunchScreen.storyboard */ = {
			isa = PBXVariantGroup;
			children = (
				FFB47E391EA94B2A00B36507 /* Base */,
			);
			name = LaunchScreen.storyboard;
			sourceTree = "<group>";
		};
/* End PBXVariantGroup section */

/* Begin XCBuildConfiguration section */
		FFA47C7F1EC8F47F00465E11 /* Debug */ = {
			isa = XCBuildConfiguration;
			buildSettings = {
				ALWAYS_EMBED_SWIFT_STANDARD_LIBRARIES = YES;
				ASSETCATALOG_COMPILER_APPICON_NAME = AppIcon;
				DEVELOPMENT_TEAM = 54HW5825ZV;
				IBSC_MODULE = FamilyPocketWatch_Extension;
				INFOPLIST_FILE = FamilyPocketWatch/Info.plist;
				PRODUCT_BUNDLE_IDENTIFIER = Ivan.Sapozhnik.FamilyPocket.watchkitapp;
				PRODUCT_NAME = "$(TARGET_NAME)";
				SDKROOT = watchos;
				SKIP_INSTALL = YES;
				SWIFT_VERSION = 3.0;
				TARGETED_DEVICE_FAMILY = 4;
				WATCHOS_DEPLOYMENT_TARGET = 3.0;
			};
			name = Debug;
		};
		FFA47C801EC8F47F00465E11 /* Release */ = {
			isa = XCBuildConfiguration;
			buildSettings = {
				ALWAYS_EMBED_SWIFT_STANDARD_LIBRARIES = YES;
				ASSETCATALOG_COMPILER_APPICON_NAME = AppIcon;
				DEVELOPMENT_TEAM = 54HW5825ZV;
				IBSC_MODULE = FamilyPocketWatch_Extension;
				INFOPLIST_FILE = FamilyPocketWatch/Info.plist;
				PRODUCT_BUNDLE_IDENTIFIER = Ivan.Sapozhnik.FamilyPocket.watchkitapp;
				PRODUCT_NAME = "$(TARGET_NAME)";
				SDKROOT = watchos;
				SKIP_INSTALL = YES;
				SWIFT_VERSION = 3.0;
				TARGETED_DEVICE_FAMILY = 4;
				WATCHOS_DEPLOYMENT_TARGET = 3.0;
			};
			name = Release;
		};
		FFA47C811EC8F47F00465E11 /* Debug */ = {
			isa = XCBuildConfiguration;
			buildSettings = {
				ASSETCATALOG_COMPILER_COMPLICATION_NAME = Complication;
				DEVELOPMENT_TEAM = 54HW5825ZV;
				INFOPLIST_FILE = "FamilyPocketWatch Extension/Info.plist";
				LD_RUNPATH_SEARCH_PATHS = "$(inherited) @executable_path/Frameworks @executable_path/../../Frameworks";
				PRODUCT_BUNDLE_IDENTIFIER = Ivan.Sapozhnik.FamilyPocket.watchkitapp.watchkitextension;
				PRODUCT_NAME = "${TARGET_NAME}";
				SDKROOT = watchos;
				SKIP_INSTALL = YES;
				SWIFT_VERSION = 3.0;
				TARGETED_DEVICE_FAMILY = 4;
				WATCHOS_DEPLOYMENT_TARGET = 3.0;
			};
			name = Debug;
		};
		FFA47C821EC8F47F00465E11 /* Release */ = {
			isa = XCBuildConfiguration;
			buildSettings = {
				ASSETCATALOG_COMPILER_COMPLICATION_NAME = Complication;
				DEVELOPMENT_TEAM = 54HW5825ZV;
				INFOPLIST_FILE = "FamilyPocketWatch Extension/Info.plist";
				LD_RUNPATH_SEARCH_PATHS = "$(inherited) @executable_path/Frameworks @executable_path/../../Frameworks";
				PRODUCT_BUNDLE_IDENTIFIER = Ivan.Sapozhnik.FamilyPocket.watchkitapp.watchkitextension;
				PRODUCT_NAME = "${TARGET_NAME}";
				SDKROOT = watchos;
				SKIP_INSTALL = YES;
				SWIFT_VERSION = 3.0;
				TARGETED_DEVICE_FAMILY = 4;
				WATCHOS_DEPLOYMENT_TARGET = 3.0;
			};
			name = Release;
		};
		FFB47E521EA94B2A00B36507 /* Debug */ = {
			isa = XCBuildConfiguration;
			buildSettings = {
				ALWAYS_SEARCH_USER_PATHS = NO;
				CLANG_ANALYZER_NONNULL = YES;
				CLANG_ANALYZER_NUMBER_OBJECT_CONVERSION = YES_AGGRESSIVE;
				CLANG_CXX_LANGUAGE_STANDARD = "gnu++0x";
				CLANG_CXX_LIBRARY = "libc++";
				CLANG_ENABLE_MODULES = YES;
				CLANG_ENABLE_OBJC_ARC = YES;
				CLANG_WARN_BOOL_CONVERSION = YES;
				CLANG_WARN_CONSTANT_CONVERSION = YES;
				CLANG_WARN_DIRECT_OBJC_ISA_USAGE = YES_ERROR;
				CLANG_WARN_DOCUMENTATION_COMMENTS = YES;
				CLANG_WARN_EMPTY_BODY = YES;
				CLANG_WARN_ENUM_CONVERSION = YES;
				CLANG_WARN_INFINITE_RECURSION = YES;
				CLANG_WARN_INT_CONVERSION = YES;
				CLANG_WARN_OBJC_ROOT_CLASS = YES_ERROR;
				CLANG_WARN_SUSPICIOUS_MOVE = YES;
				CLANG_WARN_UNREACHABLE_CODE = YES;
				CLANG_WARN__DUPLICATE_METHOD_MATCH = YES;
				"CODE_SIGN_IDENTITY[sdk=iphoneos*]" = "iPhone Developer";
				COPY_PHASE_STRIP = NO;
				DEBUG_INFORMATION_FORMAT = dwarf;
				ENABLE_STRICT_OBJC_MSGSEND = YES;
				ENABLE_TESTABILITY = YES;
				GCC_C_LANGUAGE_STANDARD = gnu99;
				GCC_DYNAMIC_NO_PIC = NO;
				GCC_NO_COMMON_BLOCKS = YES;
				GCC_OPTIMIZATION_LEVEL = 0;
				GCC_PREPROCESSOR_DEFINITIONS = (
					"DEBUG=1",
					"$(inherited)",
				);
				GCC_WARN_64_TO_32_BIT_CONVERSION = YES;
				GCC_WARN_ABOUT_RETURN_TYPE = YES_ERROR;
				GCC_WARN_UNDECLARED_SELECTOR = YES;
				GCC_WARN_UNINITIALIZED_AUTOS = YES_AGGRESSIVE;
				GCC_WARN_UNUSED_FUNCTION = YES;
				GCC_WARN_UNUSED_VARIABLE = YES;
				IPHONEOS_DEPLOYMENT_TARGET = 9.0;
				MTL_ENABLE_DEBUG_INFO = YES;
				ONLY_ACTIVE_ARCH = YES;
				SDKROOT = iphoneos;
				SWIFT_ACTIVE_COMPILATION_CONDITIONS = DEBUG;
				SWIFT_OPTIMIZATION_LEVEL = "-Onone";
				TARGETED_DEVICE_FAMILY = "1,2";
			};
			name = Debug;
		};
		FFB47E531EA94B2A00B36507 /* Release */ = {
			isa = XCBuildConfiguration;
			buildSettings = {
				ALWAYS_SEARCH_USER_PATHS = NO;
				CLANG_ANALYZER_NONNULL = YES;
				CLANG_ANALYZER_NUMBER_OBJECT_CONVERSION = YES_AGGRESSIVE;
				CLANG_CXX_LANGUAGE_STANDARD = "gnu++0x";
				CLANG_CXX_LIBRARY = "libc++";
				CLANG_ENABLE_MODULES = YES;
				CLANG_ENABLE_OBJC_ARC = YES;
				CLANG_WARN_BOOL_CONVERSION = YES;
				CLANG_WARN_CONSTANT_CONVERSION = YES;
				CLANG_WARN_DIRECT_OBJC_ISA_USAGE = YES_ERROR;
				CLANG_WARN_DOCUMENTATION_COMMENTS = YES;
				CLANG_WARN_EMPTY_BODY = YES;
				CLANG_WARN_ENUM_CONVERSION = YES;
				CLANG_WARN_INFINITE_RECURSION = YES;
				CLANG_WARN_INT_CONVERSION = YES;
				CLANG_WARN_OBJC_ROOT_CLASS = YES_ERROR;
				CLANG_WARN_SUSPICIOUS_MOVE = YES;
				CLANG_WARN_UNREACHABLE_CODE = YES;
				CLANG_WARN__DUPLICATE_METHOD_MATCH = YES;
				"CODE_SIGN_IDENTITY[sdk=iphoneos*]" = "iPhone Developer";
				COPY_PHASE_STRIP = NO;
				DEBUG_INFORMATION_FORMAT = "dwarf-with-dsym";
				ENABLE_NS_ASSERTIONS = NO;
				ENABLE_STRICT_OBJC_MSGSEND = YES;
				GCC_C_LANGUAGE_STANDARD = gnu99;
				GCC_NO_COMMON_BLOCKS = YES;
				GCC_WARN_64_TO_32_BIT_CONVERSION = YES;
				GCC_WARN_ABOUT_RETURN_TYPE = YES_ERROR;
				GCC_WARN_UNDECLARED_SELECTOR = YES;
				GCC_WARN_UNINITIALIZED_AUTOS = YES_AGGRESSIVE;
				GCC_WARN_UNUSED_FUNCTION = YES;
				GCC_WARN_UNUSED_VARIABLE = YES;
				IPHONEOS_DEPLOYMENT_TARGET = 9.0;
				MTL_ENABLE_DEBUG_INFO = NO;
				SDKROOT = iphoneos;
				SWIFT_OPTIMIZATION_LEVEL = "-Owholemodule";
				TARGETED_DEVICE_FAMILY = "1,2";
				VALIDATE_PRODUCT = YES;
			};
			name = Release;
		};
		FFB47E551EA94B2A00B36507 /* Debug */ = {
			isa = XCBuildConfiguration;
			baseConfigurationReference = D1626303587FFBC6398A3C55 /* Pods-FamilyPocket.debug.xcconfig */;
			buildSettings = {
				ASSETCATALOG_COMPILER_APPICON_NAME = AppIcon;
				"CODE_SIGN_IDENTITY[sdk=iphoneos*]" = "iPhone Developer";
				DEVELOPMENT_TEAM = 54HW5825ZV;
				INFOPLIST_FILE = FamilyPocket/Info.plist;
				LD_RUNPATH_SEARCH_PATHS = "$(inherited) @executable_path/Frameworks";
				PRODUCT_BUNDLE_IDENTIFIER = Ivan.Sapozhnik.FamilyPocket;
				PRODUCT_NAME = "$(TARGET_NAME)";
				PROVISIONING_PROFILE_SPECIFIER = "";
				SWIFT_VERSION = 3.0;
			};
			name = Debug;
		};
		FFB47E561EA94B2A00B36507 /* Release */ = {
			isa = XCBuildConfiguration;
			baseConfigurationReference = 311D483D7BC4071819FE95C0 /* Pods-FamilyPocket.release.xcconfig */;
			buildSettings = {
				ASSETCATALOG_COMPILER_APPICON_NAME = AppIcon;
				"CODE_SIGN_IDENTITY[sdk=iphoneos*]" = "iPhone Developer";
				DEVELOPMENT_TEAM = 54HW5825ZV;
				INFOPLIST_FILE = FamilyPocket/Info.plist;
				LD_RUNPATH_SEARCH_PATHS = "$(inherited) @executable_path/Frameworks";
				PRODUCT_BUNDLE_IDENTIFIER = Ivan.Sapozhnik.FamilyPocket;
				PRODUCT_NAME = "$(TARGET_NAME)";
				PROVISIONING_PROFILE_SPECIFIER = "";
				SWIFT_VERSION = 3.0;
			};
			name = Release;
		};
		FFB47E581EA94B2A00B36507 /* Debug */ = {
			isa = XCBuildConfiguration;
			baseConfigurationReference = 86D83943B08B5D59E8AD6567 /* Pods-FamilyPocketTests.debug.xcconfig */;
			buildSettings = {
				ALWAYS_EMBED_SWIFT_STANDARD_LIBRARIES = YES;
				BUNDLE_LOADER = "$(TEST_HOST)";
				INFOPLIST_FILE = FamilyPocketTests/Info.plist;
				LD_RUNPATH_SEARCH_PATHS = "$(inherited) @executable_path/Frameworks @loader_path/Frameworks";
				PRODUCT_BUNDLE_IDENTIFIER = "Ivan-Sapozhnik.FamilyPocketTests";
				PRODUCT_NAME = "$(TARGET_NAME)";
				SWIFT_VERSION = 3.0;
				TEST_HOST = "$(BUILT_PRODUCTS_DIR)/FamilyPocket.app/FamilyPocket";
			};
			name = Debug;
		};
		FFB47E591EA94B2A00B36507 /* Release */ = {
			isa = XCBuildConfiguration;
			baseConfigurationReference = 27422B3779408EE6FD0D0936 /* Pods-FamilyPocketTests.release.xcconfig */;
			buildSettings = {
				ALWAYS_EMBED_SWIFT_STANDARD_LIBRARIES = YES;
				BUNDLE_LOADER = "$(TEST_HOST)";
				INFOPLIST_FILE = FamilyPocketTests/Info.plist;
				LD_RUNPATH_SEARCH_PATHS = "$(inherited) @executable_path/Frameworks @loader_path/Frameworks";
				PRODUCT_BUNDLE_IDENTIFIER = "Ivan-Sapozhnik.FamilyPocketTests";
				PRODUCT_NAME = "$(TARGET_NAME)";
				SWIFT_VERSION = 3.0;
				TEST_HOST = "$(BUILT_PRODUCTS_DIR)/FamilyPocket.app/FamilyPocket";
			};
			name = Release;
		};
		FFB47E5B1EA94B2A00B36507 /* Debug */ = {
			isa = XCBuildConfiguration;
			buildSettings = {
				ALWAYS_EMBED_SWIFT_STANDARD_LIBRARIES = YES;
				INFOPLIST_FILE = FamilyPocketUITests/Info.plist;
				LD_RUNPATH_SEARCH_PATHS = "$(inherited) @executable_path/Frameworks @loader_path/Frameworks";
				PRODUCT_BUNDLE_IDENTIFIER = "Ivan-Sapozhnik.FamilyPocketUITests";
				PRODUCT_NAME = "$(TARGET_NAME)";
				SWIFT_VERSION = 3.0;
				TEST_TARGET_NAME = FamilyPocket;
			};
			name = Debug;
		};
		FFB47E5C1EA94B2A00B36507 /* Release */ = {
			isa = XCBuildConfiguration;
			buildSettings = {
				ALWAYS_EMBED_SWIFT_STANDARD_LIBRARIES = YES;
				INFOPLIST_FILE = FamilyPocketUITests/Info.plist;
				LD_RUNPATH_SEARCH_PATHS = "$(inherited) @executable_path/Frameworks @loader_path/Frameworks";
				PRODUCT_BUNDLE_IDENTIFIER = "Ivan-Sapozhnik.FamilyPocketUITests";
				PRODUCT_NAME = "$(TARGET_NAME)";
				SWIFT_VERSION = 3.0;
				TEST_TARGET_NAME = FamilyPocket;
			};
			name = Release;
		};
/* End XCBuildConfiguration section */

/* Begin XCConfigurationList section */
		FFA47C831EC8F47F00465E11 /* Build configuration list for PBXNativeTarget "FamilyPocketWatch Extension" */ = {
			isa = XCConfigurationList;
			buildConfigurations = (
				FFA47C811EC8F47F00465E11 /* Debug */,
				FFA47C821EC8F47F00465E11 /* Release */,
			);
			defaultConfigurationIsVisible = 0;
			defaultConfigurationName = Release;
		};
		FFA47C851EC8F47F00465E11 /* Build configuration list for PBXNativeTarget "FamilyPocketWatch" */ = {
			isa = XCConfigurationList;
			buildConfigurations = (
				FFA47C7F1EC8F47F00465E11 /* Debug */,
				FFA47C801EC8F47F00465E11 /* Release */,
			);
			defaultConfigurationIsVisible = 0;
			defaultConfigurationName = Release;
		};
		FFB47E271EA94B2A00B36507 /* Build configuration list for PBXProject "FamilyPocket" */ = {
			isa = XCConfigurationList;
			buildConfigurations = (
				FFB47E521EA94B2A00B36507 /* Debug */,
				FFB47E531EA94B2A00B36507 /* Release */,
			);
			defaultConfigurationIsVisible = 0;
			defaultConfigurationName = Release;
		};
		FFB47E541EA94B2A00B36507 /* Build configuration list for PBXNativeTarget "FamilyPocket" */ = {
			isa = XCConfigurationList;
			buildConfigurations = (
				FFB47E551EA94B2A00B36507 /* Debug */,
				FFB47E561EA94B2A00B36507 /* Release */,
			);
			defaultConfigurationIsVisible = 0;
			defaultConfigurationName = Release;
		};
		FFB47E571EA94B2A00B36507 /* Build configuration list for PBXNativeTarget "FamilyPocketTests" */ = {
			isa = XCConfigurationList;
			buildConfigurations = (
				FFB47E581EA94B2A00B36507 /* Debug */,
				FFB47E591EA94B2A00B36507 /* Release */,
			);
			defaultConfigurationIsVisible = 0;
			defaultConfigurationName = Release;
		};
		FFB47E5A1EA94B2A00B36507 /* Build configuration list for PBXNativeTarget "FamilyPocketUITests" */ = {
			isa = XCConfigurationList;
			buildConfigurations = (
				FFB47E5B1EA94B2A00B36507 /* Debug */,
				FFB47E5C1EA94B2A00B36507 /* Release */,
			);
			defaultConfigurationIsVisible = 0;
			defaultConfigurationName = Release;
		};
/* End XCConfigurationList section */
	};
	rootObject = FFB47E241EA94B2A00B36507 /* Project object */;
}
